
Microsoft Visual Studio Solution File, Format Version 12.00
# Visual Studio 15
VisualStudioVersion = 15.0.28307.489
MinimumVisualStudioVersion = 10.0.40219.1
Project("{FAE04EC0-301F-11D3-BF4B-00C04F79EFBC}") = "CollabVM", "CollabVM\CollabVM.csproj", "{BA79E4B4-6AB0-4A27-99BD-B71A05B71230}"
	ProjectSection(ProjectDependencies) = postProject
		{E640074B-D276-44FA-99AC-7AA54F1C3934} = {E640074B-D276-44FA-99AC-7AA54F1C3934}
	EndProjectSection
EndProject
Project("{FAE04EC0-301F-11D3-BF4B-00C04F79EFBC}") = "PluginInterface", "PluginInterface\PluginInterface.csproj", "{E640074B-D276-44FA-99AC-7AA54F1C3934}"
EndProject
Project("{FAE04EC0-301F-11D3-BF4B-00C04F79EFBC}") = "TestHVPlugin", "TestHVPlugin\TestHVPlugin.csproj", "{4E118574-0F02-4080-8E3C-3A80FA463AC9}"
EndProject
Project("{2150E333-8FDC-42A3-9474-1A3956D46DE8}") = "Server", "Server", "{62193596-43BD-4D36-9086-82CE34941639}"
EndProject
Project("{2150E333-8FDC-42A3-9474-1A3956D46DE8}") = "VM Controllers", "VM Controllers", "{E8FCE11E-7C4E-4BC5-AD27-1CA13D87CD42}"
EndProject
Global
	GlobalSection(SolutionConfigurationPlatforms) = preSolution
		Debug|Any CPU = Debug|Any CPU
		Release|Any CPU = Release|Any CPU
	EndGlobalSection
	GlobalSection(ProjectConfigurationPlatforms) = postSolution
		{BA79E4B4-6AB0-4A27-99BD-B71A05B71230}.Debug|Any CPU.ActiveCfg = Debug|Any CPU
		{BA79E4B4-6AB0-4A27-99BD-B71A05B71230}.Debug|Any CPU.Build.0 = Debug|Any CPU
		{BA79E4B4-6AB0-4A27-99BD-B71A05B71230}.Release|Any CPU.ActiveCfg = Release|Any CPU
		{BA79E4B4-6AB0-4A27-99BD-B71A05B71230}.Release|Any CPU.Build.0 = Release|Any CPU
		{E640074B-D276-44FA-99AC-7AA54F1C3934}.Debug|Any CPU.ActiveCfg = Debug|Any CPU
		{E640074B-D276-44FA-99AC-7AA54F1C3934}.Debug|Any CPU.Build.0 = Debug|Any CPU
		{E640074B-D276-44FA-99AC-7AA54F1C3934}.Release|Any CPU.ActiveCfg = Release|Any CPU
		{E640074B-D276-44FA-99AC-7AA54F1C3934}.Release|Any CPU.Build.0 = Release|Any CPU
		{4E118574-0F02-4080-8E3C-3A80FA463AC9}.Debug|Any CPU.ActiveCfg = Debug|Any CPU
		{4E118574-0F02-4080-8E3C-3A80FA463AC9}.Debug|Any CPU.Build.0 = Debug|Any CPU
		{4E118574-0F02-4080-8E3C-3A80FA463AC9}.Release|Any CPU.ActiveCfg = Release|Any CPU
		{4E118574-0F02-4080-8E3C-3A80FA463AC9}.Release|Any CPU.Build.0 = Release|Any CPU
	EndGlobalSection
	GlobalSection(SolutionProperties) = preSolution
		HideSolutionNode = FALSE
	EndGlobalSection
	GlobalSection(NestedProjects) = preSolution
		{BA79E4B4-6AB0-4A27-99BD-B71A05B71230} = {62193596-43BD-4D36-9086-82CE34941639}
		{E640074B-D276-44FA-99AC-7AA54F1C3934} = {62193596-43BD-4D36-9086-82CE34941639}
		{4E118574-0F02-4080-8E3C-3A80FA463AC9} = {E8FCE11E-7C4E-4BC5-AD27-1CA13D87CD42}
	EndGlobalSection
	GlobalSection(ExtensibilityGlobals) = postSolution
		SolutionGuid = {F214B4DC-9135-45E9-8160-32B5B6E6B378}
	EndGlobalSection
EndGlobal
